<?xml version="1.0" encoding="utf-8"?>
<Project ToolsVersion="4.0" xmlns="http://schemas.microsoft.com/developer/msbuild/2003">
  <ItemGroup>
    <Filter Include="Source Files">
      <UniqueIdentifier>{4FC737F1-C7A5-4376-A066-2A32D752A2FF}</UniqueIdentifier>
      <Extensions>cpp;cxx;c;def</Extensions>
    </Filter>
    <Filter Include="Header Files">
      <UniqueIdentifier>{93995380-89BD-4b04-88EB-625FBE52EBFB}</UniqueIdentifier>
      <Extensions>h</Extensions>
    </Filter>
    <Filter Include="Form Files">
      <UniqueIdentifier>{99349809-55BA-4b9d-BF79-8FDBB0286EB3}</UniqueIdentifier>
      <Extensions>ui</Extensions>
    </Filter>
    <Filter Include="Resource Files">
      <UniqueIdentifier>{D9D6E242-F8AF-46E4-B9FD-80ECBC20BA3E}</UniqueIdentifier>
      <Extensions>qrc;*</Extensions>
      <ParseFiles>false</ParseFiles>
    </Filter>
    <Filter Include="Generated Files">
      <UniqueIdentifier>{71ED8ED8-ACB9-4CE9-BBE1-E00B30144E11}</UniqueIdentifier>
      <Extensions>moc;h;cpp</Extensions>
      <SourceControlFiles>False</SourceControlFiles>
    </Filter>
    <Filter Include="Generated Files\Debug">
      <UniqueIdentifier>{f91a6fd3-dbb4-434c-93d0-eca89c6e12b4}</UniqueIdentifier>
      <Extensions>cpp;moc</Extensions>
      <SourceControlFiles>False</SourceControlFiles>
    </Filter>
    <Filter Include="Generated Files\Release">
      <UniqueIdentifier>{2244dc3c-1cf6-481f-b4af-debca3cc7684}</UniqueIdentifier>
      <Extensions>cpp;moc</Extensions>
      <SourceControlFiles>False</SourceControlFiles>
    </Filter>
  </ItemGroup>
  <ItemGroup>
    <ClCompile Include="GeneratedFiles\Debug\moc_render.cpp">
      <Filter>Generated Files\Debug</Filter>
    </ClCompile>
    <ClCompile Include="GeneratedFiles\Release\moc_render.cpp">
      <Filter>Generated Files\Release</Filter>
    </ClCompile>
    <ClCompile Include="GeneratedFiles\Debug\moc_stchatdetail.cpp">
      <Filter>Generated Files\Debug</Filter>
    </ClCompile>
    <ClCompile Include="GeneratedFiles\Release\moc_stchatdetail.cpp">
      <Filter>Generated Files\Release</Filter>
    </ClCompile>
    <ClCompile Include="GeneratedFiles\Debug\moc_stchatitem.cpp">
      <Filter>Generated Files\Debug</Filter>
    </ClCompile>
    <ClCompile Include="GeneratedFiles\Release\moc_stchatitem.cpp">
      <Filter>Generated Files\Release</Filter>
    </ClCompile>
    <ClCompile Include="GeneratedFiles\Debug\moc_stchatrecorditem.cpp">
      <Filter>Generated Files\Debug</Filter>
    </ClCompile>
    <ClCompile Include="GeneratedFiles\Release\moc_stchatrecorditem.cpp">
      <Filter>Generated Files\Release</Filter>
    </ClCompile>
    <ClCompile Include="GeneratedFiles\Debug\moc_stcloudfilemanager.cpp">
      <Filter>Generated Files\Debug</Filter>
    </ClCompile>
    <ClCompile Include="GeneratedFiles\Release\moc_stcloudfilemanager.cpp">
      <Filter>Generated Files\Release</Filter>
    </ClCompile>
    <ClCompile Include="GeneratedFiles\Debug\moc_stconfirm.cpp">
      <Filter>Generated Files\Debug</Filter>
    </ClCompile>
    <ClCompile Include="GeneratedFiles\Release\moc_stconfirm.cpp">
      <Filter>Generated Files\Release</Filter>
    </ClCompile>
    <ClCompile Include="GeneratedFiles\Debug\moc_stcontactaddnew.cpp">
      <Filter>Generated Files\Debug</Filter>
    </ClCompile>
    <ClCompile Include="GeneratedFiles\Release\moc_stcontactaddnew.cpp">
      <Filter>Generated Files\Release</Filter>
    </ClCompile>
    <ClCompile Include="GeneratedFiles\Debug\moc_stcontactdetail.cpp">
      <Filter>Generated Files\Debug</Filter>
    </ClCompile>
    <ClCompile Include="GeneratedFiles\Release\moc_stcontactdetail.cpp">
      <Filter>Generated Files\Release</Filter>
    </ClCompile>
    <ClCompile Include="GeneratedFiles\Debug\moc_stcontactitem.cpp">
      <Filter>Generated Files\Debug</Filter>
    </ClCompile>
    <ClCompile Include="GeneratedFiles\Release\moc_stcontactitem.cpp">
      <Filter>Generated Files\Release</Filter>
    </ClCompile>
    <ClCompile Include="GeneratedFiles\Debug\moc_stemotion.cpp">
      <Filter>Generated Files\Debug</Filter>
    </ClCompile>
    <ClCompile Include="GeneratedFiles\Release\moc_stemotion.cpp">
      <Filter>Generated Files\Release</Filter>
    </ClCompile>
    <ClCompile Include="GeneratedFiles\Debug\moc_stload.cpp">
      <Filter>Generated Files\Debug</Filter>
    </ClCompile>
    <ClCompile Include="GeneratedFiles\Release\moc_stload.cpp">
      <Filter>Generated Files\Release</Filter>
    </ClCompile>
    <ClCompile Include="GeneratedFiles\Debug\moc_stloginrotate.cpp">
      <Filter>Generated Files\Debug</Filter>
    </ClCompile>
    <ClCompile Include="GeneratedFiles\Release\moc_stloginrotate.cpp">
      <Filter>Generated Files\Release</Filter>
    </ClCompile>
    <ClCompile Include="GeneratedFiles\Debug\moc_stmain.cpp">
      <Filter>Generated Files\Debug</Filter>
    </ClCompile>
    <ClCompile Include="GeneratedFiles\Release\moc_stmain.cpp">
      <Filter>Generated Files\Release</Filter>
    </ClCompile>
    <ClCompile Include="GeneratedFiles\Debug\moc_stpersonalinfo.cpp">
      <Filter>Generated Files\Debug</Filter>
    </ClCompile>
    <ClCompile Include="GeneratedFiles\Release\moc_stpersonalinfo.cpp">
      <Filter>Generated Files\Release</Filter>
    </ClCompile>
    <ClCompile Include="GeneratedFiles\Debug\moc_stscreenshot.cpp">
      <Filter>Generated Files\Debug</Filter>
    </ClCompile>
    <ClCompile Include="GeneratedFiles\Release\moc_stscreenshot.cpp">
      <Filter>Generated Files\Release</Filter>
    </ClCompile>
    <ClCompile Include="GeneratedFiles\Debug\moc_stsetting.cpp">
      <Filter>Generated Files\Debug</Filter>
    </ClCompile>
    <ClCompile Include="GeneratedFiles\Release\moc_stsetting.cpp">
      <Filter>Generated Files\Release</Filter>
    </ClCompile>
    <ClCompile Include="GeneratedFiles\Debug\moc_stuploadpic.cpp">
      <Filter>Generated Files\Debug</Filter>
    </ClCompile>
    <ClCompile Include="GeneratedFiles\Release\moc_stuploadpic.cpp">
      <Filter>Generated Files\Release</Filter>
    </ClCompile>
    <ClCompile Include="GeneratedFiles\Debug\moc_xmppclient.cpp">
      <Filter>Generated Files\Debug</Filter>
    </ClCompile>
    <ClCompile Include="GeneratedFiles\Release\moc_xmppclient.cpp">
      <Filter>Generated Files\Release</Filter>
    </ClCompile>
    <ClCompile Include="GeneratedFiles\Debug\moc_xmppregister.cpp">
      <Filter>Generated Files\Debug</Filter>
    </ClCompile>
    <ClCompile Include="GeneratedFiles\Release\moc_xmppregister.cpp">
      <Filter>Generated Files\Release</Filter>
    </ClCompile>
    <ClCompile Include="src\logger.cpp">
      <Filter>Source Files</Filter>
    </ClCompile>
    <ClCompile Include="src\main.cpp">
      <Filter>Source Files</Filter>
    </ClCompile>
    <ClCompile Include="src\masklabel.cpp">
      <Filter>Source Files</Filter>
    </ClCompile>
    <ClCompile Include="src\render.cpp">
      <Filter>Source Files</Filter>
    </ClCompile>
    <ClCompile Include="src\stchatdetail.cpp">
      <Filter>Source Files</Filter>
    </ClCompile>
    <ClCompile Include="src\stchatitem.cpp">
      <Filter>Source Files</Filter>
    </ClCompile>
    <ClCompile Include="src\stchatrecorditem.cpp">
      <Filter>Source Files</Filter>
    </ClCompile>
    <ClCompile Include="src\stcloudfilemanager.cpp">
      <Filter>Source Files</Filter>
    </ClCompile>
    <ClCompile Include="src\stconfig.cpp">
      <Filter>Source Files</Filter>
    </ClCompile>
    <ClCompile Include="src\stconfirm.cpp">
      <Filter>Source Files</Filter>
    </ClCompile>
    <ClCompile Include="src\stcontactaddnew.cpp">
      <Filter>Source Files</Filter>
    </ClCompile>
    <ClCompile Include="src\stcontactdetail.cpp">
      <Filter>Source Files</Filter>
    </ClCompile>
    <ClCompile Include="src\stcontactitem.cpp">
      <Filter>Source Files</Filter>
    </ClCompile>
    <ClCompile Include="src\stemotion.cpp">
      <Filter>Source Files</Filter>
    </ClCompile>
    <ClCompile Include="src\stload.cpp">
      <Filter>Source Files</Filter>
    </ClCompile>
    <ClCompile Include="src\stloginrotate.cpp">
      <Filter>Source Files</Filter>
    </ClCompile>
    <ClCompile Include="src\stmain.cpp">
      <Filter>Source Files</Filter>
    </ClCompile>
    <ClCompile Include="src\stpersonalinfo.cpp">
      <Filter>Source Files</Filter>
    </ClCompile>
    <ClCompile Include="src\strecordmanager.cpp">
      <Filter>Source Files</Filter>
    </ClCompile>
    <ClCompile Include="src\stscreenshot.cpp">
      <Filter>Source Files</Filter>
    </ClCompile>
    <ClCompile Include="src\stsetting.cpp">
      <Filter>Source Files</Filter>
    </ClCompile>
    <ClCompile Include="src\stuploadpic.cpp">
      <Filter>Source Files</Filter>
    </ClCompile>
    <ClCompile Include="src\token.cpp">
      <Filter>Source Files</Filter>
    </ClCompile>
    <ClCompile Include="src\xmppclient.cpp">
      <Filter>Source Files</Filter>
    </ClCompile>
    <ClCompile Include="src\xmppregister.cpp">
      <Filter>Source Files</Filter>
    </ClCompile>
    <ClCompile Include="GeneratedFiles\qrc_softterminal.cpp">
      <Filter>Generated Files</Filter>
    </ClCompile>
    <ClCompile Include="GeneratedFiles\Debug\moc_stwbdocwindow.cpp">
      <Filter>Generated Files\Debug</Filter>
    </ClCompile>
    <ClCompile Include="GeneratedFiles\Release\moc_stwbdocwindow.cpp">
      <Filter>Generated Files\Release</Filter>
    </ClCompile>
    <ClCompile Include="GeneratedFiles\Debug\moc_stwbview.cpp">
      <Filter>Generated Files\Debug</Filter>
    </ClCompile>
    <ClCompile Include="GeneratedFiles\Release\moc_stwbview.cpp">
      <Filter>Generated Files\Release</Filter>
    </ClCompile>
    <ClCompile Include="GeneratedFiles\Debug\moc_stwbvtoolbar.cpp">
      <Filter>Generated Files\Debug</Filter>
    </ClCompile>
    <ClCompile Include="GeneratedFiles\Release\moc_stwbvtoolbar.cpp">
      <Filter>Generated Files\Release</Filter>
    </ClCompile>
    <ClCompile Include="GeneratedFiles\Debug\moc_stwhiteboard.cpp">
      <Filter>Generated Files\Debug</Filter>
    </ClCompile>
    <ClCompile Include="GeneratedFiles\Release\moc_stwhiteboard.cpp">
      <Filter>Generated Files\Release</Filter>
    </ClCompile>
    <ClCompile Include="src\stwbdocwindow.cpp">
      <Filter>Source Files</Filter>
    </ClCompile>
    <ClCompile Include="src\stwbpathitem.cpp">
      <Filter>Source Files</Filter>
    </ClCompile>
    <ClCompile Include="src\stwbscene.cpp">
      <Filter>Source Files</Filter>
    </ClCompile>
    <ClCompile Include="src\stwbtextitem.cpp">
      <Filter>Source Files</Filter>
    </ClCompile>
    <ClCompile Include="src\stwbview.cpp">
      <Filter>Source Files</Filter>
    </ClCompile>
    <ClCompile Include="src\stwbvtoolbar.cpp">
      <Filter>Source Files</Filter>
    </ClCompile>
    <ClCompile Include="src\stwhiteboard.cpp">
      <Filter>Source Files</Filter>
    </ClCompile>
    <ClCompile Include="src\stwbvideoitem.cpp">
      <Filter>Source Files</Filter>
    </ClCompile>
    <ClCompile Include="GeneratedFiles\Debug\moc_stwbvideoitem.cpp">
      <Filter>Generated Files\Debug</Filter>
    </ClCompile>
    <ClCompile Include="GeneratedFiles\Release\moc_stwbvideoitem.cpp">
      <Filter>Generated Files\Release</Filter>
    </ClCompile>
    <ClCompile Include="src\stwbcloudfileview.cpp">
      <Filter>Source Files</Filter>
    </ClCompile>
    <ClCompile Include="GeneratedFiles\Debug\moc_stwbcloudfileview.cpp">
      <Filter>Generated Files\Debug</Filter>
    </ClCompile>
    <ClCompile Include="GeneratedFiles\Release\moc_stwbcloudfileview.cpp">
      <Filter>Generated Files\Release</Filter>
    </ClCompile>
    <ClCompile Include="GeneratedFiles\Debug\moc_switchbutton.cpp">
      <Filter>Generated Files\Debug</Filter>
    </ClCompile>
    <ClCompile Include="src\switchbutton.cpp">
      <Filter>Source Files</Filter>
    </ClCompile>
    <ClCompile Include="GeneratedFiles\Release\moc_switchbutton.cpp">
      <Filter>Generated Files\Release</Filter>
    </ClCompile>
    <ClCompile Include="src\stmessagecenter.cpp">
      <Filter>Source Files</Filter>
    </ClCompile>
    <ClCompile Include="GeneratedFiles\Debug\moc_stmessagecenter.cpp">
      <Filter>Generated Files\Debug</Filter>
    </ClCompile>
    <ClCompile Include="GeneratedFiles\Release\moc_stmessagecenter.cpp">
      <Filter>Generated Files\Release</Filter>
    </ClCompile>
    <ClCompile Include="src\stgroupaddnew.cpp">
      <Filter>Source Files</Filter>
    </ClCompile>
    <ClCompile Include="GeneratedFiles\Debug\moc_stgroupaddnew.cpp">
      <Filter>Generated Files\Debug</Filter>
    </ClCompile>
    <ClCompile Include="GeneratedFiles\Release\moc_stgroupaddnew.cpp">
      <Filter>Generated Files\Release</Filter>
    </ClCompile>
    <ClCompile Include="src\stgroupitem.cpp">
      <Filter>Source Files</Filter>
    </ClCompile>
    <ClCompile Include="GeneratedFiles\Debug\moc_stgroupitem.cpp">
      <Filter>Generated Files\Debug</Filter>
    </ClCompile>
    <ClCompile Include="GeneratedFiles\Release\moc_stgroupitem.cpp">
      <Filter>Generated Files\Release</Filter>
    </ClCompile>
    <ClCompile Include="src\stgroupdetail.cpp">
      <Filter>Source Files</Filter>
    </ClCompile>
    <ClCompile Include="GeneratedFiles\Debug\moc_stgroupdetail.cpp">
      <Filter>Generated Files\Debug</Filter>
    </ClCompile>
    <ClCompile Include="GeneratedFiles\Release\moc_stgroupdetail.cpp">
      <Filter>Generated Files\Release</Filter>
    </ClCompile>
    <ClCompile Include="src\stmessageclient.cpp">
      <Filter>Source Files</Filter>
    </ClCompile>
    <ClCompile Include="GeneratedFiles\Debug\moc_stmessageclient.cpp">
      <Filter>Generated Files\Debug</Filter>
    </ClCompile>
    <ClCompile Include="GeneratedFiles\Release\moc_stmessageclient.cpp">
      <Filter>Generated Files\Release</Filter>
    </ClCompile>
    <ClCompile Include="src\stfileclient.cpp">
      <Filter>Source Files</Filter>
    </ClCompile>
    <ClCompile Include="GeneratedFiles\Debug\moc_stfileclient.cpp">
      <Filter>Generated Files\Debug</Filter>
    </ClCompile>
    <ClCompile Include="GeneratedFiles\Release\moc_stfileclient.cpp">
      <Filter>Generated Files\Release</Filter>
    </ClCompile>
    <ClCompile Include="src\stwbinvitefriend.cpp">
      <Filter>Source Files</Filter>
    </ClCompile>
    <ClCompile Include="GeneratedFiles\Debug\moc_stwbinvitefriend.cpp">
      <Filter>Generated Files\Debug</Filter>
    </ClCompile>
    <ClCompile Include="GeneratedFiles\Release\moc_stwbinvitefriend.cpp">
      <Filter>Generated Files\Release</Filter>
    </ClCompile>
    <ClCompile Include="src\stwbroster.cpp">
      <Filter>Source Files</Filter>
    </ClCompile>
    <ClCompile Include="GeneratedFiles\Debug\moc_stwbroster.cpp">
      <Filter>Generated Files\Debug</Filter>
    </ClCompile>
    <ClCompile Include="GeneratedFiles\Release\moc_stwbroster.cpp">
      <Filter>Generated Files\Release</Filter>
    </ClCompile>
  </ItemGroup>
  <ItemGroup>
    <CustomBuild Include="forms\STChatDetail.ui">
      <Filter>Form Files</Filter>
    </CustomBuild>
    <CustomBuild Include="forms\STChatItem.ui">
      <Filter>Form Files</Filter>
    </CustomBuild>
    <CustomBuild Include="forms\STChatRecordItem.ui">
      <Filter>Form Files</Filter>
    </CustomBuild>
    <CustomBuild Include="forms\STCloudFileManager.ui">
      <Filter>Form Files</Filter>
    </CustomBuild>
    <CustomBuild Include="forms\STCloudFolderView.ui">
      <Filter>Form Files</Filter>
    </CustomBuild>
    <CustomBuild Include="forms\STCloudNewFolder.ui">
      <Filter>Form Files</Filter>
    </CustomBuild>
    <CustomBuild Include="forms\STCloudSupport.ui">
      <Filter>Form Files</Filter>
    </CustomBuild>
    <CustomBuild Include="forms\STCloudUploadFile.ui">
      <Filter>Form Files</Filter>
    </CustomBuild>
    <CustomBuild Include="forms\STConfirm.ui">
      <Filter>Form Files</Filter>
    </CustomBuild>
    <CustomBuild Include="forms\STContactAddNew.ui">
      <Filter>Form Files</Filter>
    </CustomBuild>
    <CustomBuild Include="forms\STContactDetail.ui">
      <Filter>Form Files</Filter>
    </CustomBuild>
    <CustomBuild Include="forms\STContactItem.ui">
      <Filter>Form Files</Filter>
    </CustomBuild>
    <CustomBuild Include="forms\STEmotion.ui">
      <Filter>Form Files</Filter>
    </CustomBuild>
    <CustomBuild Include="forms\STLoad.ui">
      <Filter>Form Files</Filter>
    </CustomBuild>
    <CustomBuild Include="forms\STLogin.ui">
      <Filter>Form Files</Filter>
    </CustomBuild>
    <CustomBuild Include="forms\STMain.ui">
      <Filter>Form Files</Filter>
    </CustomBuild>
    <CustomBuild Include="forms\STMenu.ui">
      <Filter>Form Files</Filter>
    </CustomBuild>
    <CustomBuild Include="forms\STPersonalInfo.ui">
      <Filter>Form Files</Filter>
    </CustomBuild>
    <CustomBuild Include="forms\STRegist.ui">
      <Filter>Form Files</Filter>
    </CustomBuild>
    <CustomBuild Include="forms\STSample.ui">
      <Filter>Form Files</Filter>
    </CustomBuild>
    <CustomBuild Include="forms\STScreenshotOption.ui">
      <Filter>Form Files</Filter>
    </CustomBuild>
    <CustomBuild Include="forms\STScreenshotToolbar.ui">
      <Filter>Form Files</Filter>
    </CustomBuild>
    <CustomBuild Include="forms\STServerConfig.ui">
      <Filter>Form Files</Filter>
    </CustomBuild>
    <CustomBuild Include="forms\STSetting.ui">
      <Filter>Form Files</Filter>
    </CustomBuild>
    <CustomBuild Include="forms\STUploadPic.ui">
      <Filter>Form Files</Filter>
    </CustomBuild>
    <CustomBuild Include="src\render.h">
      <Filter>Header Files</Filter>
    </CustomBuild>
    <CustomBuild Include="src\stchatdetail.h">
      <Filter>Header Files</Filter>
    </CustomBuild>
    <CustomBuild Include="src\stchatitem.h">
      <Filter>Header Files</Filter>
    </CustomBuild>
    <CustomBuild Include="src\stchatrecorditem.h">
      <Filter>Header Files</Filter>
    </CustomBuild>
    <CustomBuild Include="src\stcloudfilemanager.h">
      <Filter>Header Files</Filter>
    </CustomBuild>
    <CustomBuild Include="src\stconfirm.h">
      <Filter>Header Files</Filter>
    </CustomBuild>
    <CustomBuild Include="src\stcontactaddnew.h">
      <Filter>Header Files</Filter>
    </CustomBuild>
    <CustomBuild Include="src\stcontactdetail.h">
      <Filter>Header Files</Filter>
    </CustomBuild>
    <CustomBuild Include="src\stcontactitem.h">
      <Filter>Header Files</Filter>
    </CustomBuild>
    <CustomBuild Include="src\stemotion.h">
      <Filter>Header Files</Filter>
    </CustomBuild>
    <CustomBuild Include="src\stload.h">
      <Filter>Header Files</Filter>
    </CustomBuild>
    <CustomBuild Include="src\stloginrotate.h">
      <Filter>Header Files</Filter>
    </CustomBuild>
    <CustomBuild Include="src\stmain.h">
      <Filter>Header Files</Filter>
    </CustomBuild>
    <CustomBuild Include="src\stpersonalinfo.h">
      <Filter>Header Files</Filter>
    </CustomBuild>
    <CustomBuild Include="src\stscreenshot.h">
      <Filter>Header Files</Filter>
    </CustomBuild>
    <CustomBuild Include="src\stsetting.h">
      <Filter>Header Files</Filter>
    </CustomBuild>
    <CustomBuild Include="src\stuploadpic.h">
      <Filter>Header Files</Filter>
    </CustomBuild>
    <CustomBuild Include="src\xmppclient.h">
      <Filter>Header Files</Filter>
    </CustomBuild>
    <CustomBuild Include="src\xmppregister.h">
      <Filter>Header Files</Filter>
    </CustomBuild>
    <CustomBuild Include="res\softterminal.qrc">
      <Filter>Resource Files</Filter>
    </CustomBuild>
    <CustomBuild Include="forms\STWBPenStylePanel.ui">
      <Filter>Form Files</Filter>
    </CustomBuild>
    <CustomBuild Include="forms\STWBTextStylePanel.ui">
      <Filter>Form Files</Filter>
    </CustomBuild>
    <CustomBuild Include="forms\STWBVToolbar.ui">
      <Filter>Form Files</Filter>
    </CustomBuild>
    <CustomBuild Include="src\stwbdocwindow.h">
      <Filter>Header Files</Filter>
    </CustomBuild>
    <CustomBuild Include="src\stwbview.h">
      <Filter>Header Files</Filter>
    </CustomBuild>
    <CustomBuild Include="src\stwbvtoolbar.h">
      <Filter>Header Files</Filter>
    </CustomBuild>
    <CustomBuild Include="src\stwhiteboard.h">
      <Filter>Header Files</Filter>
    </CustomBuild>
    <CustomBuild Include="forms\STWBDocWindow.ui">
      <Filter>Form Files</Filter>
    </CustomBuild>
    <CustomBuild Include="forms\STWhiteBoard.ui">
      <Filter>Form Files</Filter>
    </CustomBuild>
    <CustomBuild Include="src\stwbvideoitem.h">
      <Filter>Header Files</Filter>
    </CustomBuild>
    <CustomBuild Include="forms\STWBVideoItem.ui">
      <Filter>Form Files</Filter>
    </CustomBuild>
    <CustomBuild Include="src\stwbcloudfileview.h">
      <Filter>Header Files</Filter>
    </CustomBuild>
    <CustomBuild Include="src\switchbutton.h">
      <Filter>Header Files</Filter>
    </CustomBuild>
    <CustomBuild Include="forms\STMessageCenter.ui">
      <Filter>Form Files</Filter>
    </CustomBuild>
    <CustomBuild Include="forms\STMessageItem.ui">
      <Filter>Form Files</Filter>
    </CustomBuild>
    <CustomBuild Include="src\stmessagecenter.h">
      <Filter>Header Files</Filter>
    </CustomBuild>
    <CustomBuild Include="forms\STWBCloudFileView.ui">
      <Filter>Form Files</Filter>
    </CustomBuild>
    <CustomBuild Include="forms\STGroupAddNew.ui">
      <Filter>Form Files</Filter>
    </CustomBuild>
    <CustomBuild Include="src\stgroupaddnew.h">
      <Filter>Header Files</Filter>
    </CustomBuild>
    <CustomBuild Include="forms\STGroupItem.ui">
      <Filter>Form Files</Filter>
    </CustomBuild>
    <CustomBuild Include="src\stgroupitem.h">
      <Filter>Header Files</Filter>
    </CustomBuild>
    <CustomBuild Include="forms\STGroupDetail.ui">
      <Filter>Form Files</Filter>
    </CustomBuild>
    <CustomBuild Include="src\stgroupdetail.h">
      <Filter>Header Files</Filter>
    </CustomBuild>
    <CustomBuild Include="forms\STGroupMemberItem.ui">
      <Filter>Form Files</Filter>
    </CustomBuild>
    <CustomBuild Include="forms\STChatDeleteMenu.ui">
      <Filter>Form Files</Filter>
    </CustomBuild>
    <CustomBuild Include="src\stmessageclient.h">
      <Filter>Header Files</Filter>
    </CustomBuild>
    <CustomBuild Include="src\stfileclient.h">
      <Filter>Header Files</Filter>
    </CustomBuild>
    <CustomBuild Include="forms\STWBRaiseHandPanel.ui">
      <Filter>Form Files</Filter>
    </CustomBuild>
    <CustomBuild Include="forms\STWBInviteFriend.ui">
      <Filter>Form Files</Filter>
    </CustomBuild>
    <CustomBuild Include="forms\STWBRoster.ui">
      <Filter>Form Files</Filter>
    </CustomBuild>
    <CustomBuild Include="src\stwbinvitefriend.h">
      <Filter>Header Files</Filter>
    </CustomBuild>
    <CustomBuild Include="forms\STWBInviteFriendItem.ui">
      <Filter>Form Files</Filter>
    </CustomBuild>
    <CustomBuild Include="src\stwbroster.h">
      <Filter>Header Files</Filter>
    </CustomBuild>
  </ItemGroup>
  <ItemGroup>
    <ClInclude Include="GeneratedFiles\ui_STChatDetail.h">
      <Filter>Generated Files</Filter>
    </ClInclude>
    <ClInclude Include="GeneratedFiles\ui_STChatItem.h">
      <Filter>Generated Files</Filter>
    </ClInclude>
    <ClInclude Include="GeneratedFiles\ui_STChatRecordItem.h">
      <Filter>Generated Files</Filter>
    </ClInclude>
    <ClInclude Include="GeneratedFiles\ui_STCloudFileManager.h">
      <Filter>Generated Files</Filter>
    </ClInclude>
    <ClInclude Include="GeneratedFiles\ui_STCloudFolderView.h">
      <Filter>Generated Files</Filter>
    </ClInclude>
    <ClInclude Include="GeneratedFiles\ui_STCloudNewFolder.h">
      <Filter>Generated Files</Filter>
    </ClInclude>
    <ClInclude Include="GeneratedFiles\ui_STCloudSupport.h">
      <Filter>Generated Files</Filter>
    </ClInclude>
    <ClInclude Include="GeneratedFiles\ui_STCloudUploadFile.h">
      <Filter>Generated Files</Filter>
    </ClInclude>
    <ClInclude Include="GeneratedFiles\ui_STConfirm.h">
      <Filter>Generated Files</Filter>
    </ClInclude>
    <ClInclude Include="GeneratedFiles\ui_STContactAddNew.h">
      <Filter>Generated Files</Filter>
    </ClInclude>
    <ClInclude Include="GeneratedFiles\ui_STContactDetail.h">
      <Filter>Generated Files</Filter>
    </ClInclude>
    <ClInclude Include="GeneratedFiles\ui_STContactItem.h">
      <Filter>Generated Files</Filter>
    </ClInclude>
    <ClInclude Include="GeneratedFiles\ui_STEmotion.h">
      <Filter>Generated Files</Filter>
    </ClInclude>
    <ClInclude Include="GeneratedFiles\ui_STLoad.h">
      <Filter>Generated Files</Filter>
    </ClInclude>
    <ClInclude Include="GeneratedFiles\ui_STLogin.h">
      <Filter>Generated Files</Filter>
    </ClInclude>
    <ClInclude Include="GeneratedFiles\ui_STMain.h">
      <Filter>Generated Files</Filter>
    </ClInclude>
    <ClInclude Include="GeneratedFiles\ui_STMenu.h">
      <Filter>Generated Files</Filter>
    </ClInclude>
    <ClInclude Include="GeneratedFiles\ui_STPersonalInfo.h">
      <Filter>Generated Files</Filter>
    </ClInclude>
    <ClInclude Include="GeneratedFiles\ui_STRegist.h">
      <Filter>Generated Files</Filter>
    </ClInclude>
    <ClInclude Include="GeneratedFiles\ui_STSample.h">
      <Filter>Generated Files</Filter>
    </ClInclude>
    <ClInclude Include="GeneratedFiles\ui_STScreenshotOption.h">
      <Filter>Generated Files</Filter>
    </ClInclude>
    <ClInclude Include="GeneratedFiles\ui_STScreenshotToolbar.h">
      <Filter>Generated Files</Filter>
    </ClInclude>
    <ClInclude Include="GeneratedFiles\ui_STServerConfig.h">
      <Filter>Generated Files</Filter>
    </ClInclude>
    <ClInclude Include="GeneratedFiles\ui_STSetting.h">
      <Filter>Generated Files</Filter>
    </ClInclude>
    <ClInclude Include="GeneratedFiles\ui_STUploadPic.h">
      <Filter>Generated Files</Filter>
    </ClInclude>
    <ClInclude Include="src\base64.h">
      <Filter>Header Files</Filter>
    </ClInclude>
    <ClInclude Include="src\logger.h">
      <Filter>Header Files</Filter>
    </ClInclude>
    <ClInclude Include="src\masklabel.h">
      <Filter>Header Files</Filter>
    </ClInclude>
    <ClInclude Include="src\stcommon.h">
      <Filter>Header Files</Filter>
    </ClInclude>
    <ClInclude Include="src\stconfig.h">
      <Filter>Header Files</Filter>
    </ClInclude>
    <ClInclude Include="src\strecordmanager.h">
      <Filter>Header Files</Filter>
    </ClInclude>
    <ClInclude Include="src\token.h">
      <Filter>Header Files</Filter>
    </ClInclude>
    <ClInclude Include="GeneratedFiles\ui_STWBPenStylePanel.h">
      <Filter>Generated Files</Filter>
    </ClInclude>
    <ClInclude Include="GeneratedFiles\ui_STWBTextStylePanel.h">
      <Filter>Generated Files</Filter>
    </ClInclude>
    <ClInclude Include="GeneratedFiles\ui_STWBVToolbar.h">
      <Filter>Generated Files</Filter>
    </ClInclude>
    <ClInclude Include="src\stwbpathitem.h">
      <Filter>Header Files</Filter>
    </ClInclude>
    <ClInclude Include="src\stwbscene.h">
      <Filter>Header Files</Filter>
    </ClInclude>
    <ClInclude Include="src\stwbtextitem.h">
      <Filter>Header Files</Filter>
    </ClInclude>
    <ClInclude Include="GeneratedFiles\ui_STWBDocWindow.h">
      <Filter>Generated Files</Filter>
    </ClInclude>
    <ClInclude Include="GeneratedFiles\ui_STWhiteBoard.h">
      <Filter>Generated Files</Filter>
    </ClInclude>
    <ClInclude Include="GeneratedFiles\ui_STWBVideoItem.h">
      <Filter>Generated Files</Filter>
    </ClInclude>
    <ClInclude Include="GeneratedFiles\ui_STMessageCenter.h">
      <Filter>Generated Files</Filter>
    </ClInclude>
    <ClInclude Include="GeneratedFiles\ui_STMessageItem.h">
      <Filter>Generated Files</Filter>
    </ClInclude>
    <ClInclude Include="GeneratedFiles\ui_STWBCloudFileView.h">
      <Filter>Generated Files</Filter>
    </ClInclude>
    <ClInclude Include="resource.h">
      <Filter>Header Files</Filter>
    </ClInclude>
    <ClInclude Include="GeneratedFiles\ui_STGroupAddNew.h">
      <Filter>Generated Files</Filter>
    </ClInclude>
    <ClInclude Include="GeneratedFiles\ui_STGroupItem.h">
      <Filter>Generated Files</Filter>
    </ClInclude>
    <ClInclude Include="GeneratedFiles\ui_STGroupDetail.h">
      <Filter>Generated Files</Filter>
    </ClInclude>
    <ClInclude Include="GeneratedFiles\ui_STGroupMemberItem.h">
      <Filter>Generated Files</Filter>
    </ClInclude>
    <ClInclude Include="GeneratedFiles\ui_STChatDeleteMenu.h">
      <Filter>Generated Files</Filter>
    </ClInclude>
    <ClInclude Include="GeneratedFiles\ui_STWBRaiseHandPanel.h">
      <Filter>Generated Files</Filter>
    </ClInclude>
    <ClInclude Include="GeneratedFiles\ui_STWBInviteFriend.h">
      <Filter>Generated Files</Filter>
    </ClInclude>
    <ClInclude Include="GeneratedFiles\ui_STWBRoster.h">
      <Filter>Generated Files</Filter>
    </ClInclude>
    <ClInclude Include="GeneratedFiles\ui_STWBInviteFriendItem.h">
      <Filter>Generated Files</Filter>
    </ClInclude>
  </ItemGroup>
  <ItemGroup>
    <ResourceCompile Include="SoftTerminal.rc" />
  </ItemGroup>
  <ItemGroup>
    <Image Include="res\images\st.ico" />
  </ItemGroup>
</Project>